{
    "_readme": [
        "This file locks the dependencies of your project to a known state",
        "Read more about it at https://getcomposer.org/doc/01-basic-usage.md#composer-lock-the-lock-file",
        "This file is @generated automatically"
    ],
    "hash": "a6994f3d7a9b1518298639376802c8b1",
    "content-hash": "2c904cfdfe506e8dfc173da1a902bd48",
    "packages": [],
    "packages-dev": [
        {
            "name": "mbostock/d3",
            "version": "v3.5.17",
            "source": {
                "type": "git",
                "url": "https://github.com/mbostock/d3.git",
                "reference": "9cc9a875e636a1dcf36cc1e07bdf77e1ad6e2c74"
            },
            "dist": {
                "type": "zip",
                "url": "https://api.github.com/repos/mbostock/d3/zipball/9cc9a875e636a1dcf36cc1e07bdf77e1ad6e2c74",
                "reference": "9cc9a875e636a1dcf36cc1e07bdf77e1ad6e2c74",
                "shasum": ""
            },
            "type": "library",
            "notification-url": "https://packagist.org/downloads/",
            "license": [
                "BSD-3-Clause"
            ],
            "authors": [
                {
                    "name": "Mike Bostock",
                    "homepage": "http://bost.ocks.org/mike"
                }
            ],
            "description": "A JavaScript visualization library for HTML and SVG.",
            "homepage": "http://d3js.org/",
            "keywords": [
                "W3C",
                "animation",
                "canvas",
                "dom",
                "svg",
                "visualization"
            ],
            "time": "2016-05-05 00:29:22"
        },
        {
            "name": "twitter/bootstrap",
            "version": "v3.3.7",
            "source": {
                "type": "git",
                "url": "https://github.com/twbs/bootstrap.git",
                "reference": "0b9c4a4007c44201dce9a6cc1a38407005c26c86"
            },
            "dist": {
                "type": "zip",
                "url": "https://api.github.com/repos/twbs/bootstrap/zipball/0b9c4a4007c44201dce9a6cc1a38407005c26c86",
                "reference": "0b9c4a4007c44201dce9a6cc1a38407005c26c86",
                "shasum": ""
            },
            "replace": {
                "twitter/bootstrap": "self.version"
            },
            "type": "library",
            "extra": {
                "branch-alias": {
                    "dev-master": "3.3.x-dev"
                }
            },
            "notification-url": "https://packagist.org/downloads/",
            "license": [
                "MIT"
            ],
            "authors": [
                {
                    "name": "Jacob Thornton",
                    "email": "jacobthornton@gmail.com"
                },
                {
                    "name": "Mark Otto",
                    "email": "markdotto@gmail.com"
                }
            ],
            "description": "The most popular front-end framework for developing responsive, mobile first projects on the web.",
            "homepage": "http://getbootstrap.com",
            "keywords": [
                "JS",
                "css",
                "framework",
                "front-end",
                "less",
                "mobile-first",
                "responsive",
                "web"
            ],
            "time": "2016-07-25 15:51:55"
        }
    ],
    "aliases": [],
    "minimum-stability": "stable",
    "stability-flags": [],
    "prefer-stable": false,
    "prefer-lowest": false,
    "platform": [],
    "platform-dev": []
}
